
Microsoft Visual Studio Solution File, Format Version 12.00
# Visual Studio Version 17
VisualStudioVersion = 17.4.33403.182
MinimumVisualStudioVersion = 10.0.40219.1
Project("{FAE04EC0-301F-11D3-BF4B-00C04F79EFBC}") = "WithCodesBlog.Web.UI", "WithCodesBlog.Web\WithCodesBlog.Web.UI.csproj", "{9ED76FB4-AB70-41CE-93CE-8256EEE3CEC3}"
EndProject
Project("{FAE04EC0-301F-11D3-BF4B-00C04F79EFBC}") = "EntityLayer", "EntityLayer\EntityLayer.csproj", "{6FC30394-2B9C-4BC2-B0A1-0E0270922230}"
EndProject
Project("{FAE04EC0-301F-11D3-BF4B-00C04F79EFBC}") = "DataAccessLayer", "DataAccessLayer\DataAccessLayer.csproj", "{E83F57C0-F35A-4F30-B914-BFD23D1905E0}"
EndProject
Project("{FAE04EC0-301F-11D3-BF4B-00C04F79EFBC}") = "BusinessLayer", "BusinessLayer\BusinessLayer.csproj", "{146F25CA-58CC-45A0-A5D6-6C3D9B8A1375}"
EndProject
Global
	GlobalSection(SolutionConfigurationPlatforms) = preSolution
		Debug|Any CPU = Debug|Any CPU
		Release|Any CPU = Release|Any CPU
	EndGlobalSection
	GlobalSection(ProjectConfigurationPlatforms) = postSolution
		{9ED76FB4-AB70-41CE-93CE-8256EEE3CEC3}.Debug|Any CPU.ActiveCfg = Debug|Any CPU
		{9ED76FB4-AB70-41CE-93CE-8256EEE3CEC3}.Debug|Any CPU.Build.0 = Debug|Any CPU
		{9ED76FB4-AB70-41CE-93CE-8256EEE3CEC3}.Release|Any CPU.ActiveCfg = Release|Any CPU
		{9ED76FB4-AB70-41CE-93CE-8256EEE3CEC3}.Release|Any CPU.Build.0 = Release|Any CPU
		{6FC30394-2B9C-4BC2-B0A1-0E0270922230}.Debug|Any CPU.ActiveCfg = Debug|Any CPU
		{6FC30394-2B9C-4BC2-B0A1-0E0270922230}.Debug|Any CPU.Build.0 = Debug|Any CPU
		{6FC30394-2B9C-4BC2-B0A1-0E0270922230}.Release|Any CPU.ActiveCfg = Release|Any CPU
		{6FC30394-2B9C-4BC2-B0A1-0E0270922230}.Release|Any CPU.Build.0 = Release|Any CPU
		{E83F57C0-F35A-4F30-B914-BFD23D1905E0}.Debug|Any CPU.ActiveCfg = Debug|Any CPU
		{E83F57C0-F35A-4F30-B914-BFD23D1905E0}.Debug|Any CPU.Build.0 = Debug|Any CPU
		{E83F57C0-F35A-4F30-B914-BFD23D1905E0}.Release|Any CPU.ActiveCfg = Release|Any CPU
		{E83F57C0-F35A-4F30-B914-BFD23D1905E0}.Release|Any CPU.Build.0 = Release|Any CPU
		{146F25CA-58CC-45A0-A5D6-6C3D9B8A1375}.Debug|Any CPU.ActiveCfg = Debug|Any CPU
		{146F25CA-58CC-45A0-A5D6-6C3D9B8A1375}.Debug|Any CPU.Build.0 = Debug|Any CPU
		{146F25CA-58CC-45A0-A5D6-6C3D9B8A1375}.Release|Any CPU.ActiveCfg = Release|Any CPU
		{146F25CA-58CC-45A0-A5D6-6C3D9B8A1375}.Release|Any CPU.Build.0 = Release|Any CPU
	EndGlobalSection
	GlobalSection(SolutionProperties) = preSolution
		HideSolutionNode = FALSE
	EndGlobalSection
	GlobalSection(ExtensibilityGlobals) = postSolution
		SolutionGuid = {14A1A551-1C19-43C0-BF9E-01DD1CC6CF17}
	EndGlobalSection
EndGlobal
